// !$*UTF8*$!
{
	archiveVersion = 1;
	classes = {
	};
	objectVersion = 56;
	objects = {

/* Begin PBXBuildFile section */
		A5614B0B2AEE3BF900199A1A /* nor_logic_gateApp.swift in Sources */ = {isa = PBXBuildFile; fileRef = A5614B0A2AEE3BF900199A1A /* nor_logic_gateApp.swift */; };
		A5614B0D2AEE3BF900199A1A /* ContentView.swift in Sources */ = {isa = PBXBuildFile; fileRef = A5614B0C2AEE3BF900199A1A /* ContentView.swift */; };
		A5614B0F2AEE3BFB00199A1A /* Assets.xcassets in Resources */ = {isa = PBXBuildFile; fileRef = A5614B0E2AEE3BFB00199A1A /* Assets.xcassets */; };
		A5614B122AEE3BFB00199A1A /* Preview Assets.xcassets in Resources */ = {isa = PBXBuildFile; fileRef = A5614B112AEE3BFB00199A1A /* Preview Assets.xcassets */; };
		A5614B1D2AEE3BFC00199A1A /* nor_logic_gateTests.swift in Sources */ = {isa = PBXBuildFile; fileRef = A5614B1C2AEE3BFC00199A1A /* nor_logic_gateTests.swift */; };
		A5614B272AEE3BFC00199A1A /* nor_logic_gateUITests.swift in Sources */ = {isa = PBXBuildFile; fileRef = A5614B262AEE3BFC00199A1A /* nor_logic_gateUITests.swift */; };
		A5614B292AEE3BFC00199A1A /* nor_logic_gateUITestsLaunchTests.swift in Sources */ = {isa = PBXBuildFile; fileRef = A5614B282AEE3BFC00199A1A /* nor_logic_gateUITestsLaunchTests.swift */; };
/* End PBXBuildFile section */

/* Begin PBXContainerItemProxy section */
		A5614B192AEE3BFC00199A1A /* PBXContainerItemProxy */ = {
			isa = PBXContainerItemProxy;
			containerPortal = A5614AFF2AEE3BF900199A1A /* Project object */;
			proxyType = 1;
			remoteGlobalIDString = A5614B062AEE3BF900199A1A;
			remoteInfo = "nor logic gate";
		};
		A5614B232AEE3BFC00199A1A /* PBXContainerItemProxy */ = {
			isa = PBXContainerItemProxy;
			containerPortal = A5614AFF2AEE3BF900199A1A /* Project object */;
			proxyType = 1;
			remoteGlobalIDString = A5614B062AEE3BF900199A1A;
			remoteInfo = "nor logic gate";
		};
/* End PBXContainerItemProxy section */

/* Begin PBXFileReference section */
		A5614B072AEE3BF900199A1A /* nor logic gate.app */ = {isa = PBXFileReference; explicitFileType = wrapper.application; includeInIndex = 0; path = "nor logic gate.app"; sourceTree = BUILT_PRODUCTS_DIR; };
		A5614B0A2AEE3BF900199A1A /* nor_logic_gateApp.swift */ = {isa = PBXFileReference; lastKnownFileType = sourcecode.swift; path = nor_logic_gateApp.swift; sourceTree = "<group>"; };
		A5614B0C2AEE3BF900199A1A /* ContentView.swift */ = {isa = PBXFileReference; lastKnownFileType = sourcecode.swift; path = ContentView.swift; sourceTree = "<group>"; };
		A5614B0E2AEE3BFB00199A1A /* Assets.xcassets */ = {isa = PBXFileReference; lastKnownFileType = folder.assetcatalog; path = Assets.xcassets; sourceTree = "<group>"; };
		A5614B112AEE3BFB00199A1A /* Preview Assets.xcassets */ = {isa = PBXFileReference; lastKnownFileType = folder.assetcatalog; path = "Preview Assets.xcassets"; sourceTree = "<group>"; };
		A5614B132AEE3BFB00199A1A /* nor_logic_gate.entitlements */ = {isa = PBXFileReference; lastKnownFileType = text.plist.entitlements; path = nor_logic_gate.entitlements; sourceTree = "<group>"; };
		A5614B182AEE3BFC00199A1A /* nor logic gateTests.xctest */ = {isa = PBXFileReference; explicitFileType = wrapper.cfbundle; includeInIndex = 0; path = "nor logic gateTests.xctest"; sourceTree = BUILT_PRODUCTS_DIR; };
		A5614B1C2AEE3BFC00199A1A /* nor_logic_gateTests.swift */ = {isa = PBXFileReference; lastKnownFileType = sourcecode.swift; path = nor_logic_gateTests.swift; sourceTree = "<group>"; };
		A5614B222AEE3BFC00199A1A /* nor logic gateUITests.xctest */ = {isa = PBXFileReference; explicitFileType = wrapper.cfbundle; includeInIndex = 0; path = "nor logic gateUITests.xctest"; sourceTree = BUILT_PRODUCTS_DIR; };
		A5614B262AEE3BFC00199A1A /* nor_logic_gateUITests.swift */ = {isa = PBXFileReference; lastKnownFileType = sourcecode.swift; path = nor_logic_gateUITests.swift; sourceTree = "<group>"; };
		A5614B282AEE3BFC00199A1A /* nor_logic_gateUITestsLaunchTests.swift */ = {isa = PBXFileReference; lastKnownFileType = sourcecode.swift; path = nor_logic_gateUITestsLaunchTests.swift; sourceTree = "<group>"; };
/* End PBXFileReference section */

/* Begin PBXFrameworksBuildPhase section */
		A5614B042AEE3BF900199A1A /* Frameworks */ = {
			isa = PBXFrameworksBuildPhase;
			buildActionMask = 2147483647;
			files = (
			);
			runOnlyForDeploymentPostprocessing = 0;
		};
		A5614B152AEE3BFC00199A1A /* Frameworks */ = {
			isa = PBXFrameworksBuildPhase;
			buildActionMask = 2147483647;
			files = (
			);
			runOnlyForDeploymentPostprocessing = 0;
		};
		A5614B1F2AEE3BFC00199A1A /* Frameworks */ = {
			isa = PBXFrameworksBuildPhase;
			buildActionMask = 2147483647;
			files = (
			);
			runOnlyForDeploymentPostprocessing = 0;
		};
/* End PBXFrameworksBuildPhase section */

/* Begin PBXGroup section */
		A5614AFE2AEE3BF900199A1A = {
			isa = PBXGroup;
			children = (
				A5614B092AEE3BF900199A1A /* nor logic gate */,
				A5614B1B2AEE3BFC00199A1A /* nor logic gateTests */,
				A5614B252AEE3BFC00199A1A /* nor logic gateUITests */,
				A5614B082AEE3BF900199A1A /* Products */,
			);
			sourceTree = "<group>";
		};
		A5614B082AEE3BF900199A1A /* Products */ = {
			isa = PBXGroup;
			children = (
				A5614B072AEE3BF900199A1A /* nor logic gate.app */,
				A5614B182AEE3BFC00199A1A /* nor logic gateTests.xctest */,
				A5614B222AEE3BFC00199A1A /* nor logic gateUITests.xctest */,
			);
			name = Products;
			sourceTree = "<group>";
		};
		A5614B092AEE3BF900199A1A /* nor logic gate */ = {
			isa = PBXGroup;
			children = (
				A5614B0A2AEE3BF900199A1A /* nor_logic_gateApp.swift */,
				A5614B0C2AEE3BF900199A1A /* ContentView.swift */,
				A5614B0E2AEE3BFB00199A1A /* Assets.xcassets */,
				A5614B132AEE3BFB00199A1A /* nor_logic_gate.entitlements */,
				A5614B102AEE3BFB00199A1A /* Preview Content */,
			);
			path = "nor logic gate";
			sourceTree = "<group>";
		};
		A5614B102AEE3BFB00199A1A /* Preview Content */ = {
			isa = PBXGroup;
			children = (
				A5614B112AEE3BFB00199A1A /* Preview Assets.xcassets */,
			);
			path = "Preview Content";
			sourceTree = "<group>";
		};
		A5614B1B2AEE3BFC00199A1A /* nor logic gateTests */ = {
			isa = PBXGroup;
			children = (
				A5614B1C2AEE3BFC00199A1A /* nor_logic_gateTests.swift */,
			);
			path = "nor logic gateTests";
			sourceTree = "<group>";
		};
		A5614B252AEE3BFC00199A1A /* nor logic gateUITests */ = {
			isa = PBXGroup;
			children = (
				A5614B262AEE3BFC00199A1A /* nor_logic_gateUITests.swift */,
				A5614B282AEE3BFC00199A1A /* nor_logic_gateUITestsLaunchTests.swift */,
			);
			path = "nor logic gateUITests";
			sourceTree = "<group>";
		};
/* End PBXGroup section */

/* Begin PBXNativeTarget section */
		A5614B062AEE3BF900199A1A /* nor logic gate */ = {
			isa = PBXNativeTarget;
			buildConfigurationList = A5614B2C2AEE3BFC00199A1A /* Build configuration list for PBXNativeTarget "nor logic gate" */;
			buildPhases = (
				A5614B032AEE3BF900199A1A /* Sources */,
				A5614B042AEE3BF900199A1A /* Frameworks */,
				A5614B052AEE3BF900199A1A /* Resources */,
			);
			buildRules = (
			);
			dependencies = (
			);
			name = "nor logic gate";
			productName = "nor logic gate";
			productReference = A5614B072AEE3BF900199A1A /* nor logic gate.app */;
			productType = "com.apple.product-type.application";
		};
		A5614B172AEE3BFC00199A1A /* nor logic gateTests */ = {
			isa = PBXNativeTarget;
			buildConfigurationList = A5614B2F2AEE3BFC00199A1A /* Build configuration list for PBXNativeTarget "nor logic gateTests" */;
			buildPhases = (
				A5614B142AEE3BFC00199A1A /* Sources */,
				A5614B152AEE3BFC00199A1A /* Frameworks */,
				A5614B162AEE3BFC00199A1A /* Resources */,
			);
			buildRules = (
			);
			dependencies = (
				A5614B1A2AEE3BFC00199A1A /* PBXTargetDependency */,
			);
			name = "nor logic gateTests";
			productName = "nor logic gateTests";
			productReference = A5614B182AEE3BFC00199A1A /* nor logic gateTests.xctest */;
			productType = "com.apple.product-type.bundle.unit-test";
		};
		A5614B212AEE3BFC00199A1A /* nor logic gateUITests */ = {
			isa = PBXNativeTarget;
			buildConfigurationList = A5614B322AEE3BFC00199A1A /* Build configuration list for PBXNativeTarget "nor logic gateUITests" */;
			buildPhases = (
				A5614B1E2AEE3BFC00199A1A /* Sources */,
				A5614B1F2AEE3BFC00199A1A /* Frameworks */,
				A5614B202AEE3BFC00199A1A /* Resources */,
			);
			buildRules = (
			);
			dependencies = (
				A5614B242AEE3BFC00199A1A /* PBXTargetDependency */,
			);
			name = "nor logic gateUITests";
			productName = "nor logic gateUITests";
			productReference = A5614B222AEE3BFC00199A1A /* nor logic gateUITests.xctest */;
			productType = "com.apple.product-type.bundle.ui-testing";
		};
/* End PBXNativeTarget section */

/* Begin PBXProject section */
		A5614AFF2AEE3BF900199A1A /* Project object */ = {
			isa = PBXProject;
			attributes = {
				BuildIndependentTargetsInParallel = 1;
				LastSwiftUpdateCheck = 1430;
				LastUpgradeCheck = 1430;
				TargetAttributes = {
					A5614B062AEE3BF900199A1A = {
						CreatedOnToolsVersion = 14.3.1;
					};
					A5614B172AEE3BFC00199A1A = {
						CreatedOnToolsVersion = 14.3.1;
						TestTargetID = A5614B062AEE3BF900199A1A;
					};
					A5614B212AEE3BFC00199A1A = {
						CreatedOnToolsVersion = 14.3.1;
						TestTargetID = A5614B062AEE3BF900199A1A;
					};
				};
			};
			buildConfigurationList = A5614B022AEE3BF900199A1A /* Build configuration list for PBXProject "nor logic gate" */;
			compatibilityVersion = "Xcode 14.0";
			developmentRegion = en;
			hasScannedForEncodings = 0;
			knownRegions = (
				en,
				Base,
			);
			mainGroup = A5614AFE2AEE3BF900199A1A;
			productRefGroup = A5614B082AEE3BF900199A1A /* Products */;
			projectDirPath = "";
			projectRoot = "";
			targets = (
				A5614B062AEE3BF900199A1A /* nor logic gate */,
				A5614B172AEE3BFC00199A1A /* nor logic gateTests */,
				A5614B212AEE3BFC00199A1A /* nor logic gateUITests */,
			);
		};
/* End PBXProject section */

/* Begin PBXResourcesBuildPhase section */
		A5614B052AEE3BF900199A1A /* Resources */ = {
			isa = PBXResourcesBuildPhase;
			buildActionMask = 2147483647;
			files = (
				A5614B122AEE3BFB00199A1A /* Preview Assets.xcassets in Resources */,
				A5614B0F2AEE3BFB00199A1A /* Assets.xcassets in Resources */,
			);
			runOnlyForDeploymentPostprocessing = 0;
		};
		A5614B162AEE3BFC00199A1A /* Resources */ = {
			isa = PBXResourcesBuildPhase;
			buildActionMask = 2147483647;
			files = (
			);
			runOnlyForDeploymentPostprocessing = 0;
		};
		A5614B202AEE3BFC00199A1A /* Resources */ = {
			isa = PBXResourcesBuildPhase;
			buildActionMask = 2147483647;
			files = (
			);
			runOnlyForDeploymentPostprocessing = 0;
		};
/* End PBXResourcesBuildPhase section */

/* Begin PBXSourcesBuildPhase section */
		A5614B032AEE3BF900199A1A /* Sources */ = {
			isa = PBXSourcesBuildPhase;
			buildActionMask = 2147483647;
			files = (
				A5614B0D2AEE3BF900199A1A /* ContentView.swift in Sources */,
				A5614B0B2AEE3BF900199A1A /* nor_logic_gateApp.swift in Sources */,
			);
			runOnlyForDeploymentPostprocessing = 0;
		};
		A5614B142AEE3BFC00199A1A /* Sources */ = {
			isa = PBXSourcesBuildPhase;
			buildActionMask = 2147483647;
			files = (
				A5614B1D2AEE3BFC00199A1A /* nor_logic_gateTests.swift in Sources */,
			);
			runOnlyForDeploymentPostprocessing = 0;
		};
		A5614B1E2AEE3BFC00199A1A /* Sources */ = {
			isa = PBXSourcesBuildPhase;
			buildActionMask = 2147483647;
			files = (
				A5614B292AEE3BFC00199A1A /* nor_logic_gateUITestsLaunchTests.swift in Sources */,
				A5614B272AEE3BFC00199A1A /* nor_logic_gateUITests.swift in Sources */,
			);
			runOnlyForDeploymentPostprocessing = 0;
		};
/* End PBXSourcesBuildPhase section */

/* Begin PBXTargetDependency section */
		A5614B1A2AEE3BFC00199A1A /* PBXTargetDependency */ = {
			isa = PBXTargetDependency;
			target = A5614B062AEE3BF900199A1A /* nor logic gate */;
			targetProxy = A5614B192AEE3BFC00199A1A /* PBXContainerItemProxy */;
		};
		A5614B242AEE3BFC00199A1A /* PBXTargetDependency */ = {
			isa = PBXTargetDependency;
			target = A5614B062AEE3BF900199A1A /* nor logic gate */;
			targetProxy = A5614B232AEE3BFC00199A1A /* PBXContainerItemProxy */;
		};
/* End PBXTargetDependency section */

/* Begin XCBuildConfiguration section */
		A5614B2A2AEE3BFC00199A1A /* Debug */ = {
			isa = XCBuildConfiguration;
			buildSettings = {
				ALWAYS_SEARCH_USER_PATHS = NO;
				CLANG_ANALYZER_NONNULL = YES;
				CLANG_ANALYZER_NUMBER_OBJECT_CONVERSION = YES_AGGRESSIVE;
				CLANG_CXX_LANGUAGE_STANDARD = "gnu++20";
				CLANG_ENABLE_MODULES = YES;
				CLANG_ENABLE_OBJC_ARC = YES;
				CLANG_ENABLE_OBJC_WEAK = YES;
				CLANG_WARN_BLOCK_CAPTURE_AUTORELEASING = YES;
				CLANG_WARN_BOOL_CONVERSION = YES;
				CLANG_WARN_COMMA = YES;
				CLANG_WARN_CONSTANT_CONVERSION = YES;
				CLANG_WARN_DEPRECATED_OBJC_IMPLEMENTATIONS = YES;
				CLANG_WARN_DIRECT_OBJC_ISA_USAGE = YES_ERROR;
				CLANG_WARN_DOCUMENTATION_COMMENTS = YES;
				CLANG_WARN_EMPTY_BODY = YES;
				CLANG_WARN_ENUM_CONVERSION = YES;
				CLANG_WARN_INFINITE_RECURSION = YES;
				CLANG_WARN_INT_CONVERSION = YES;
				CLANG_WARN_NON_LITERAL_NULL_CONVERSION = YES;
				CLANG_WARN_OBJC_IMPLICIT_RETAIN_SELF = YES;
				CLANG_WARN_OBJC_LITERAL_CONVERSION = YES;
				CLANG_WARN_OBJC_ROOT_CLASS = YES_ERROR;
				CLANG_WARN_QUOTED_INCLUDE_IN_FRAMEWORK_HEADER = YES;
				CLANG_WARN_RANGE_LOOP_ANALYSIS = YES;
				CLANG_WARN_STRICT_PROTOTYPES = YES;
				CLANG_WARN_SUSPICIOUS_MOVE = YES;
				CLANG_WARN_UNGUARDED_AVAILABILITY = YES_AGGRESSIVE;
				CLANG_WARN_UNREACHABLE_CODE = YES;
				CLANG_WARN__DUPLICATE_METHOD_MATCH = YES;
				COPY_PHASE_STRIP = NO;
				DEBUG_INFORMATION_FORMAT = dwarf;
				ENABLE_STRICT_OBJC_MSGSEND = YES;
				ENABLE_TESTABILITY = YES;
				GCC_C_LANGUAGE_STANDARD = gnu11;
				GCC_DYNAMIC_NO_PIC = NO;
				GCC_NO_COMMON_BLOCKS = YES;
				GCC_OPTIMIZATION_LEVEL = 0;
				GCC_PREPROCESSOR_DEFINITIONS = (
					"DEBUG=1",
					"$(inherited)",
				);
				GCC_WARN_64_TO_32_BIT_CONVERSION = YES;
				GCC_WARN_ABOUT_RETURN_TYPE = YES_ERROR;
				GCC_WARN_UNDECLARED_SELECTOR = YES;
				GCC_WARN_UNINITIALIZED_AUTOS = YES_AGGRESSIVE;
				GCC_WARN_UNUSED_FUNCTION = YES;
				GCC_WARN_UNUSED_VARIABLE = YES;
				MACOSX_DEPLOYMENT_TARGET = 13.3;
				MTL_ENABLE_DEBUG_INFO = INCLUDE_SOURCE;
				MTL_FAST_MATH = YES;
				ONLY_ACTIVE_ARCH = YES;
				SDKROOT = macosx;
				SWIFT_ACTIVE_COMPILATION_CONDITIONS = DEBUG;
				SWIFT_OPTIMIZATION_LEVEL = "-Onone";
			};
			name = Debug;
		};
		A5614B2B2AEE3BFC00199A1A /* Release */ = {
			isa = XCBuildConfiguration;
			buildSettings = {
				ALWAYS_SEARCH_USER_PATHS = NO;
				CLANG_ANALYZER_NONNULL = YES;
				CLANG_ANALYZER_NUMBER_OBJECT_CONVERSION = YES_AGGRESSIVE;
				CLANG_CXX_LANGUAGE_STANDARD = "gnu++20";
				CLANG_ENABLE_MODULES = YES;
				CLANG_ENABLE_OBJC_ARC = YES;
				CLANG_ENABLE_OBJC_WEAK = YES;
				CLANG_WARN_BLOCK_CAPTURE_AUTORELEASING = YES;
				CLANG_WARN_BOOL_CONVERSION = YES;
				CLANG_WARN_COMMA = YES;
				CLANG_WARN_CONSTANT_CONVERSION = YES;
				CLANG_WARN_DEPRECATED_OBJC_IMPLEMENTATIONS = YES;
				CLANG_WARN_DIRECT_OBJC_ISA_USAGE = YES_ERROR;
				CLANG_WARN_DOCUMENTATION_COMMENTS = YES;
				CLANG_WARN_EMPTY_BODY = YES;
				CLANG_WARN_ENUM_CONVERSION = YES;
				CLANG_WARN_INFINITE_RECURSION = YES;
				CLANG_WARN_INT_CONVERSION = YES;
				CLANG_WARN_NON_LITERAL_NULL_CONVERSION = YES;
				CLANG_WARN_OBJC_IMPLICIT_RETAIN_SELF = YES;
				CLANG_WARN_OBJC_LITERAL_CONVERSION = YES;
				CLANG_WARN_OBJC_ROOT_CLASS = YES_ERROR;
				CLANG_WARN_QUOTED_INCLUDE_IN_FRAMEWORK_HEADER = YES;
				CLANG_WARN_RANGE_LOOP_ANALYSIS = YES;
				CLANG_WARN_STRICT_PROTOTYPES = YES;
				CLANG_WARN_SUSPICIOUS_MOVE = YES;
				CLANG_WARN_UNGUARDED_AVAILABILITY = YES_AGGRESSIVE;
				CLANG_WARN_UNREACHABLE_CODE = YES;
				CLANG_WARN__DUPLICATE_METHOD_MATCH = YES;
				COPY_PHASE_STRIP = NO;
				DEBUG_INFORMATION_FORMAT = "dwarf-with-dsym";
				ENABLE_NS_ASSERTIONS = NO;
				ENABLE_STRICT_OBJC_MSGSEND = YES;
				GCC_C_LANGUAGE_STANDARD = gnu11;
				GCC_NO_COMMON_BLOCKS = YES;
				GCC_WARN_64_TO_32_BIT_CONVERSION = YES;
				GCC_WARN_ABOUT_RETURN_TYPE = YES_ERROR;
				GCC_WARN_UNDECLARED_SELECTOR = YES;
				GCC_WARN_UNINITIALIZED_AUTOS = YES_AGGRESSIVE;
				GCC_WARN_UNUSED_FUNCTION = YES;
				GCC_WARN_UNUSED_VARIABLE = YES;
				MACOSX_DEPLOYMENT_TARGET = 13.3;
				MTL_ENABLE_DEBUG_INFO = NO;
				MTL_FAST_MATH = YES;
				SDKROOT = macosx;
				SWIFT_COMPILATION_MODE = wholemodule;
				SWIFT_OPTIMIZATION_LEVEL = "-O";
			};
			name = Release;
		};
		A5614B2D2AEE3BFC00199A1A /* Debug */ = {
			isa = XCBuildConfiguration;
			buildSettings = {
				ASSETCATALOG_COMPILER_APPICON_NAME = AppIcon;
				ASSETCATALOG_COMPILER_GLOBAL_ACCENT_COLOR_NAME = AccentColor;
				CODE_SIGN_ENTITLEMENTS = "nor logic gate/nor_logic_gate.entitlements";
				CODE_SIGN_STYLE = Automatic;
				COMBINE_HIDPI_IMAGES = YES;
				CURRENT_PROJECT_VERSION = 1;
				DEVELOPMENT_ASSET_PATHS = "\"nor logic gate/Preview Content\"";
				DEVELOPMENT_TEAM = V7M6SMZCS9;
				ENABLE_HARDENED_RUNTIME = YES;
				ENABLE_PREVIEWS = YES;
				GENERATE_INFOPLIST_FILE = YES;
				INFOPLIST_KEY_NSHumanReadableCopyright = "";
				LD_RUNPATH_SEARCH_PATHS = (
					"$(inherited)",
					"@executable_path/../Frameworks",
				);
				MARKETING_VERSION = 1.0;
				PRODUCT_BUNDLE_IDENTIFIER = "Tansa-Nisan-Gunerhan.nor-logic-gate";
				PRODUCT_NAME = "$(TARGET_NAME)";
				SWIFT_EMIT_LOC_STRINGS = YES;
				SWIFT_VERSION = 5.0;
			};
			name = Debug;
		};
		A5614B2E2AEE3BFC00199A1A /* Release */ = {
			isa = XCBuildConfiguration;
			buildSettings = {
				ASSETCATALOG_COMPILER_APPICON_NAME = AppIcon;
				ASSETCATALOG_COMPILER_GLOBAL_ACCENT_COLOR_NAME = AccentColor;
				CODE_SIGN_ENTITLEMENTS = "nor logic gate/nor_logic_gate.entitlements";
				CODE_SIGN_STYLE = Automatic;
				COMBINE_HIDPI_IMAGES = YES;
				CURRENT_PROJECT_VERSION = 1;
				DEVELOPMENT_ASSET_PATHS = "\"nor logic gate/Preview Content\"";
				DEVELOPMENT_TEAM = V7M6SMZCS9;
				ENABLE_HARDENED_RUNTIME = YES;
				ENABLE_PREVIEWS = YES;
				GENERATE_INFOPLIST_FILE = YES;
				INFOPLIST_KEY_NSHumanReadableCopyright = "";
				LD_RUNPATH_SEARCH_PATHS = (
					"$(inherited)",
					"@executable_path/../Frameworks",
				);
				MARKETING_VERSION = 1.0;
				PRODUCT_BUNDLE_IDENTIFIER = "Tansa-Nisan-Gunerhan.nor-logic-gate";
				PRODUCT_NAME = "$(TARGET_NAME)";
				SWIFT_EMIT_LOC_STRINGS = YES;
				SWIFT_VERSION = 5.0;
			};
			name = Release;
		};
		A5614B302AEE3BFC00199A1A /* Debug */ = {
			isa = XCBuildConfiguration;
			buildSettings = {
				ALWAYS_EMBED_SWIFT_STANDARD_LIBRARIES = YES;
				BUNDLE_LOADER = "$(TEST_HOST)";
				CODE_SIGN_STYLE = Automatic;
				CURRENT_PROJECT_VERSION = 1;
				DEVELOPMENT_TEAM = V7M6SMZCS9;
				GENERATE_INFOPLIST_FILE = YES;
				MACOSX_DEPLOYMENT_TARGET = 13.3;
				MARKETING_VERSION = 1.0;
				PRODUCT_BUNDLE_IDENTIFIER = "Tansa-Nisan-Gunerhan.nor-logic-gateTests";
				PRODUCT_NAME = "$(TARGET_NAME)";
				SWIFT_EMIT_LOC_STRINGS = NO;
				SWIFT_VERSION = 5.0;
				TEST_HOST = "$(BUILT_PRODUCTS_DIR)/nor logic gate.app/$(BUNDLE_EXECUTABLE_FOLDER_PATH)/nor logic gate";
			};
			name = Debug;
		};
		A5614B312AEE3BFC00199A1A /* Release */ = {
			isa = XCBuildConfiguration;
			buildSettings = {
				ALWAYS_EMBED_SWIFT_STANDARD_LIBRARIES = YES;
				BUNDLE_LOADER = "$(TEST_HOST)";
				CODE_SIGN_STYLE = Automatic;
				CURRENT_PROJECT_VERSION = 1;
				DEVELOPMENT_TEAM = V7M6SMZCS9;
				GENERATE_INFOPLIST_FILE = YES;
				MACOSX_DEPLOYMENT_TARGET = 13.3;
				MARKETING_VERSION = 1.0;
				PRODUCT_BUNDLE_IDENTIFIER = "Tansa-Nisan-Gunerhan.nor-logic-gateTests";
				PRODUCT_NAME = "$(TARGET_NAME)";
				SWIFT_EMIT_LOC_STRINGS = NO;
				SWIFT_VERSION = 5.0;
				TEST_HOST = "$(BUILT_PRODUCTS_DIR)/nor logic gate.app/$(BUNDLE_EXECUTABLE_FOLDER_PATH)/nor logic gate";
			};
			name = Release;
		};
		A5614B332AEE3BFC00199A1A /* Debug */ = {
			isa = XCBuildConfiguration;
			buildSettings = {
				ALWAYS_EMBED_SWIFT_STANDARD_LIBRARIES = YES;
				CODE_SIGN_STYLE = Automatic;
				CURRENT_PROJECT_VERSION = 1;
				DEVELOPMENT_TEAM = V7M6SMZCS9;
				GENERATE_INFOPLIST_FILE = YES;
				MARKETING_VERSION = 1.0;
				PRODUCT_BUNDLE_IDENTIFIER = "Tansa-Nisan-Gunerhan.nor-logic-gateUITests";
				PRODUCT_NAME = "$(TARGET_NAME)";
				SWIFT_EMIT_LOC_STRINGS = NO;
				SWIFT_VERSION = 5.0;
				TEST_TARGET_NAME = "nor logic gate";
			};
			name = Debug;
		};
		A5614B342AEE3BFC00199A1A /* Release */ = {
			isa = XCBuildConfiguration;
			buildSettings = {
				ALWAYS_EMBED_SWIFT_STANDARD_LIBRARIES = YES;
				CODE_SIGN_STYLE = Automatic;
				CURRENT_PROJECT_VERSION = 1;
				DEVELOPMENT_TEAM = V7M6SMZCS9;
				GENERATE_INFOPLIST_FILE = YES;
				MARKETING_VERSION = 1.0;
				PRODUCT_BUNDLE_IDENTIFIER = "Tansa-Nisan-Gunerhan.nor-logic-gateUITests";
				PRODUCT_NAME = "$(TARGET_NAME)";
				SWIFT_EMIT_LOC_STRINGS = NO;
				SWIFT_VERSION = 5.0;
				TEST_TARGET_NAME = "nor logic gate";
			};
			name = Release;
		};
/* End XCBuildConfiguration section */

/* Begin XCConfigurationList section */
		A5614B022AEE3BF900199A1A /* Build configuration list for PBXProject "nor logic gate" */ = {
			isa = XCConfigurationList;
			buildConfigurations = (
				A5614B2A2AEE3BFC00199A1A /* Debug */,
				A5614B2B2AEE3BFC00199A1A /* Release */,
			);
			defaultConfigurationIsVisible = 0;
			defaultConfigurationName = Release;
		};
		A5614B2C2AEE3BFC00199A1A /* Build configuration list for PBXNativeTarget "nor logic gate" */ = {
			isa = XCConfigurationList;
			buildConfigurations = (
				A5614B2D2AEE3BFC00199A1A /* Debug */,
				A5614B2E2AEE3BFC00199A1A /* Release */,
			);
			defaultConfigurationIsVisible = 0;
			defaultConfigurationName = Release;
		};
		A5614B2F2AEE3BFC00199A1A /* Build configuration list for PBXNativeTarget "nor logic gateTests" */ = {
			isa = XCConfigurationList;
			buildConfigurations = (
				A5614B302AEE3BFC00199A1A /* Debug */,
				A5614B312AEE3BFC00199A1A /* Release */,
			);
			defaultConfigurationIsVisible = 0;
			defaultConfigurationName = Release;
		};
		A5614B322AEE3BFC00199A1A /* Build configuration list for PBXNativeTarget "nor logic gateUITests" */ = {
			isa = XCConfigurationList;
			buildConfigurations = (
				A5614B332AEE3BFC00199A1A /* Debug */,
				A5614B342AEE3BFC00199A1A /* Release */,
			);
			defaultConfigurationIsVisible = 0;
			defaultConfigurationName = Release;
		};
/* End XCConfigurationList section */
	};
	rootObject = A5614AFF2AEE3BF900199A1A /* Project object */;
}
