// !$*UTF8*$!
{
	archiveVersion = 1;
	classes = {
	};
	objectVersion = 56;
	objects = {

/* Begin PBXBuildFile section */
		A5614A9D2AEE3AF200199A1A /* logic_gate_NOTApp.swift in Sources */ = {isa = PBXBuildFile; fileRef = A5614A9C2AEE3AF200199A1A /* logic_gate_NOTApp.swift */; };
		A5614A9F2AEE3AF200199A1A /* ContentView.swift in Sources */ = {isa = PBXBuildFile; fileRef = A5614A9E2AEE3AF200199A1A /* ContentView.swift */; };
		A5614AA12AEE3AF400199A1A /* Assets.xcassets in Resources */ = {isa = PBXBuildFile; fileRef = A5614AA02AEE3AF400199A1A /* Assets.xcassets */; };
		A5614AA42AEE3AF400199A1A /* Preview Assets.xcassets in Resources */ = {isa = PBXBuildFile; fileRef = A5614AA32AEE3AF400199A1A /* Preview Assets.xcassets */; };
		A5614AAF2AEE3AF500199A1A /* logic_gate_NOTTests.swift in Sources */ = {isa = PBXBuildFile; fileRef = A5614AAE2AEE3AF500199A1A /* logic_gate_NOTTests.swift */; };
		A5614AB92AEE3AF500199A1A /* logic_gate_NOTUITests.swift in Sources */ = {isa = PBXBuildFile; fileRef = A5614AB82AEE3AF500199A1A /* logic_gate_NOTUITests.swift */; };
		A5614ABB2AEE3AF500199A1A /* logic_gate_NOTUITestsLaunchTests.swift in Sources */ = {isa = PBXBuildFile; fileRef = A5614ABA2AEE3AF500199A1A /* logic_gate_NOTUITestsLaunchTests.swift */; };
/* End PBXBuildFile section */

/* Begin PBXContainerItemProxy section */
		A5614AAB2AEE3AF500199A1A /* PBXContainerItemProxy */ = {
			isa = PBXContainerItemProxy;
			containerPortal = A5614A912AEE3AF200199A1A /* Project object */;
			proxyType = 1;
			remoteGlobalIDString = A5614A982AEE3AF200199A1A;
			remoteInfo = "logic gate NOT";
		};
		A5614AB52AEE3AF500199A1A /* PBXContainerItemProxy */ = {
			isa = PBXContainerItemProxy;
			containerPortal = A5614A912AEE3AF200199A1A /* Project object */;
			proxyType = 1;
			remoteGlobalIDString = A5614A982AEE3AF200199A1A;
			remoteInfo = "logic gate NOT";
		};
/* End PBXContainerItemProxy section */

/* Begin PBXFileReference section */
		A5614A992AEE3AF200199A1A /* logic gate NOT.app */ = {isa = PBXFileReference; explicitFileType = wrapper.application; includeInIndex = 0; path = "logic gate NOT.app"; sourceTree = BUILT_PRODUCTS_DIR; };
		A5614A9C2AEE3AF200199A1A /* logic_gate_NOTApp.swift */ = {isa = PBXFileReference; lastKnownFileType = sourcecode.swift; path = logic_gate_NOTApp.swift; sourceTree = "<group>"; };
		A5614A9E2AEE3AF200199A1A /* ContentView.swift */ = {isa = PBXFileReference; lastKnownFileType = sourcecode.swift; path = ContentView.swift; sourceTree = "<group>"; };
		A5614AA02AEE3AF400199A1A /* Assets.xcassets */ = {isa = PBXFileReference; lastKnownFileType = folder.assetcatalog; path = Assets.xcassets; sourceTree = "<group>"; };
		A5614AA32AEE3AF400199A1A /* Preview Assets.xcassets */ = {isa = PBXFileReference; lastKnownFileType = folder.assetcatalog; path = "Preview Assets.xcassets"; sourceTree = "<group>"; };
		A5614AA52AEE3AF400199A1A /* logic_gate_NOT.entitlements */ = {isa = PBXFileReference; lastKnownFileType = text.plist.entitlements; path = logic_gate_NOT.entitlements; sourceTree = "<group>"; };
		A5614AAA2AEE3AF500199A1A /* logic gate NOTTests.xctest */ = {isa = PBXFileReference; explicitFileType = wrapper.cfbundle; includeInIndex = 0; path = "logic gate NOTTests.xctest"; sourceTree = BUILT_PRODUCTS_DIR; };
		A5614AAE2AEE3AF500199A1A /* logic_gate_NOTTests.swift */ = {isa = PBXFileReference; lastKnownFileType = sourcecode.swift; path = logic_gate_NOTTests.swift; sourceTree = "<group>"; };
		A5614AB42AEE3AF500199A1A /* logic gate NOTUITests.xctest */ = {isa = PBXFileReference; explicitFileType = wrapper.cfbundle; includeInIndex = 0; path = "logic gate NOTUITests.xctest"; sourceTree = BUILT_PRODUCTS_DIR; };
		A5614AB82AEE3AF500199A1A /* logic_gate_NOTUITests.swift */ = {isa = PBXFileReference; lastKnownFileType = sourcecode.swift; path = logic_gate_NOTUITests.swift; sourceTree = "<group>"; };
		A5614ABA2AEE3AF500199A1A /* logic_gate_NOTUITestsLaunchTests.swift */ = {isa = PBXFileReference; lastKnownFileType = sourcecode.swift; path = logic_gate_NOTUITestsLaunchTests.swift; sourceTree = "<group>"; };
/* End PBXFileReference section */

/* Begin PBXFrameworksBuildPhase section */
		A5614A962AEE3AF200199A1A /* Frameworks */ = {
			isa = PBXFrameworksBuildPhase;
			buildActionMask = 2147483647;
			files = (
			);
			runOnlyForDeploymentPostprocessing = 0;
		};
		A5614AA72AEE3AF500199A1A /* Frameworks */ = {
			isa = PBXFrameworksBuildPhase;
			buildActionMask = 2147483647;
			files = (
			);
			runOnlyForDeploymentPostprocessing = 0;
		};
		A5614AB12AEE3AF500199A1A /* Frameworks */ = {
			isa = PBXFrameworksBuildPhase;
			buildActionMask = 2147483647;
			files = (
			);
			runOnlyForDeploymentPostprocessing = 0;
		};
/* End PBXFrameworksBuildPhase section */

/* Begin PBXGroup section */
		A5614A902AEE3AF200199A1A = {
			isa = PBXGroup;
			children = (
				A5614A9B2AEE3AF200199A1A /* logic gate NOT */,
				A5614AAD2AEE3AF500199A1A /* logic gate NOTTests */,
				A5614AB72AEE3AF500199A1A /* logic gate NOTUITests */,
				A5614A9A2AEE3AF200199A1A /* Products */,
			);
			sourceTree = "<group>";
		};
		A5614A9A2AEE3AF200199A1A /* Products */ = {
			isa = PBXGroup;
			children = (
				A5614A992AEE3AF200199A1A /* logic gate NOT.app */,
				A5614AAA2AEE3AF500199A1A /* logic gate NOTTests.xctest */,
				A5614AB42AEE3AF500199A1A /* logic gate NOTUITests.xctest */,
			);
			name = Products;
			sourceTree = "<group>";
		};
		A5614A9B2AEE3AF200199A1A /* logic gate NOT */ = {
			isa = PBXGroup;
			children = (
				A5614A9C2AEE3AF200199A1A /* logic_gate_NOTApp.swift */,
				A5614A9E2AEE3AF200199A1A /* ContentView.swift */,
				A5614AA02AEE3AF400199A1A /* Assets.xcassets */,
				A5614AA52AEE3AF400199A1A /* logic_gate_NOT.entitlements */,
				A5614AA22AEE3AF400199A1A /* Preview Content */,
			);
			path = "logic gate NOT";
			sourceTree = "<group>";
		};
		A5614AA22AEE3AF400199A1A /* Preview Content */ = {
			isa = PBXGroup;
			children = (
				A5614AA32AEE3AF400199A1A /* Preview Assets.xcassets */,
			);
			path = "Preview Content";
			sourceTree = "<group>";
		};
		A5614AAD2AEE3AF500199A1A /* logic gate NOTTests */ = {
			isa = PBXGroup;
			children = (
				A5614AAE2AEE3AF500199A1A /* logic_gate_NOTTests.swift */,
			);
			path = "logic gate NOTTests";
			sourceTree = "<group>";
		};
		A5614AB72AEE3AF500199A1A /* logic gate NOTUITests */ = {
			isa = PBXGroup;
			children = (
				A5614AB82AEE3AF500199A1A /* logic_gate_NOTUITests.swift */,
				A5614ABA2AEE3AF500199A1A /* logic_gate_NOTUITestsLaunchTests.swift */,
			);
			path = "logic gate NOTUITests";
			sourceTree = "<group>";
		};
/* End PBXGroup section */

/* Begin PBXNativeTarget section */
		A5614A982AEE3AF200199A1A /* logic gate NOT */ = {
			isa = PBXNativeTarget;
			buildConfigurationList = A5614ABE2AEE3AF500199A1A /* Build configuration list for PBXNativeTarget "logic gate NOT" */;
			buildPhases = (
				A5614A952AEE3AF200199A1A /* Sources */,
				A5614A962AEE3AF200199A1A /* Frameworks */,
				A5614A972AEE3AF200199A1A /* Resources */,
			);
			buildRules = (
			);
			dependencies = (
			);
			name = "logic gate NOT";
			productName = "logic gate NOT";
			productReference = A5614A992AEE3AF200199A1A /* logic gate NOT.app */;
			productType = "com.apple.product-type.application";
		};
		A5614AA92AEE3AF500199A1A /* logic gate NOTTests */ = {
			isa = PBXNativeTarget;
			buildConfigurationList = A5614AC12AEE3AF500199A1A /* Build configuration list for PBXNativeTarget "logic gate NOTTests" */;
			buildPhases = (
				A5614AA62AEE3AF500199A1A /* Sources */,
				A5614AA72AEE3AF500199A1A /* Frameworks */,
				A5614AA82AEE3AF500199A1A /* Resources */,
			);
			buildRules = (
			);
			dependencies = (
				A5614AAC2AEE3AF500199A1A /* PBXTargetDependency */,
			);
			name = "logic gate NOTTests";
			productName = "logic gate NOTTests";
			productReference = A5614AAA2AEE3AF500199A1A /* logic gate NOTTests.xctest */;
			productType = "com.apple.product-type.bundle.unit-test";
		};
		A5614AB32AEE3AF500199A1A /* logic gate NOTUITests */ = {
			isa = PBXNativeTarget;
			buildConfigurationList = A5614AC42AEE3AF500199A1A /* Build configuration list for PBXNativeTarget "logic gate NOTUITests" */;
			buildPhases = (
				A5614AB02AEE3AF500199A1A /* Sources */,
				A5614AB12AEE3AF500199A1A /* Frameworks */,
				A5614AB22AEE3AF500199A1A /* Resources */,
			);
			buildRules = (
			);
			dependencies = (
				A5614AB62AEE3AF500199A1A /* PBXTargetDependency */,
			);
			name = "logic gate NOTUITests";
			productName = "logic gate NOTUITests";
			productReference = A5614AB42AEE3AF500199A1A /* logic gate NOTUITests.xctest */;
			productType = "com.apple.product-type.bundle.ui-testing";
		};
/* End PBXNativeTarget section */

/* Begin PBXProject section */
		A5614A912AEE3AF200199A1A /* Project object */ = {
			isa = PBXProject;
			attributes = {
				BuildIndependentTargetsInParallel = 1;
				LastSwiftUpdateCheck = 1430;
				LastUpgradeCheck = 1430;
				TargetAttributes = {
					A5614A982AEE3AF200199A1A = {
						CreatedOnToolsVersion = 14.3.1;
					};
					A5614AA92AEE3AF500199A1A = {
						CreatedOnToolsVersion = 14.3.1;
						TestTargetID = A5614A982AEE3AF200199A1A;
					};
					A5614AB32AEE3AF500199A1A = {
						CreatedOnToolsVersion = 14.3.1;
						TestTargetID = A5614A982AEE3AF200199A1A;
					};
				};
			};
			buildConfigurationList = A5614A942AEE3AF200199A1A /* Build configuration list for PBXProject "logic gate NOT" */;
			compatibilityVersion = "Xcode 14.0";
			developmentRegion = en;
			hasScannedForEncodings = 0;
			knownRegions = (
				en,
				Base,
			);
			mainGroup = A5614A902AEE3AF200199A1A;
			productRefGroup = A5614A9A2AEE3AF200199A1A /* Products */;
			projectDirPath = "";
			projectRoot = "";
			targets = (
				A5614A982AEE3AF200199A1A /* logic gate NOT */,
				A5614AA92AEE3AF500199A1A /* logic gate NOTTests */,
				A5614AB32AEE3AF500199A1A /* logic gate NOTUITests */,
			);
		};
/* End PBXProject section */

/* Begin PBXResourcesBuildPhase section */
		A5614A972AEE3AF200199A1A /* Resources */ = {
			isa = PBXResourcesBuildPhase;
			buildActionMask = 2147483647;
			files = (
				A5614AA42AEE3AF400199A1A /* Preview Assets.xcassets in Resources */,
				A5614AA12AEE3AF400199A1A /* Assets.xcassets in Resources */,
			);
			runOnlyForDeploymentPostprocessing = 0;
		};
		A5614AA82AEE3AF500199A1A /* Resources */ = {
			isa = PBXResourcesBuildPhase;
			buildActionMask = 2147483647;
			files = (
			);
			runOnlyForDeploymentPostprocessing = 0;
		};
		A5614AB22AEE3AF500199A1A /* Resources */ = {
			isa = PBXResourcesBuildPhase;
			buildActionMask = 2147483647;
			files = (
			);
			runOnlyForDeploymentPostprocessing = 0;
		};
/* End PBXResourcesBuildPhase section */

/* Begin PBXSourcesBuildPhase section */
		A5614A952AEE3AF200199A1A /* Sources */ = {
			isa = PBXSourcesBuildPhase;
			buildActionMask = 2147483647;
			files = (
				A5614A9F2AEE3AF200199A1A /* ContentView.swift in Sources */,
				A5614A9D2AEE3AF200199A1A /* logic_gate_NOTApp.swift in Sources */,
			);
			runOnlyForDeploymentPostprocessing = 0;
		};
		A5614AA62AEE3AF500199A1A /* Sources */ = {
			isa = PBXSourcesBuildPhase;
			buildActionMask = 2147483647;
			files = (
				A5614AAF2AEE3AF500199A1A /* logic_gate_NOTTests.swift in Sources */,
			);
			runOnlyForDeploymentPostprocessing = 0;
		};
		A5614AB02AEE3AF500199A1A /* Sources */ = {
			isa = PBXSourcesBuildPhase;
			buildActionMask = 2147483647;
			files = (
				A5614ABB2AEE3AF500199A1A /* logic_gate_NOTUITestsLaunchTests.swift in Sources */,
				A5614AB92AEE3AF500199A1A /* logic_gate_NOTUITests.swift in Sources */,
			);
			runOnlyForDeploymentPostprocessing = 0;
		};
/* End PBXSourcesBuildPhase section */

/* Begin PBXTargetDependency section */
		A5614AAC2AEE3AF500199A1A /* PBXTargetDependency */ = {
			isa = PBXTargetDependency;
			target = A5614A982AEE3AF200199A1A /* logic gate NOT */;
			targetProxy = A5614AAB2AEE3AF500199A1A /* PBXContainerItemProxy */;
		};
		A5614AB62AEE3AF500199A1A /* PBXTargetDependency */ = {
			isa = PBXTargetDependency;
			target = A5614A982AEE3AF200199A1A /* logic gate NOT */;
			targetProxy = A5614AB52AEE3AF500199A1A /* PBXContainerItemProxy */;
		};
/* End PBXTargetDependency section */

/* Begin XCBuildConfiguration section */
		A5614ABC2AEE3AF500199A1A /* Debug */ = {
			isa = XCBuildConfiguration;
			buildSettings = {
				ALWAYS_SEARCH_USER_PATHS = NO;
				CLANG_ANALYZER_NONNULL = YES;
				CLANG_ANALYZER_NUMBER_OBJECT_CONVERSION = YES_AGGRESSIVE;
				CLANG_CXX_LANGUAGE_STANDARD = "gnu++20";
				CLANG_ENABLE_MODULES = YES;
				CLANG_ENABLE_OBJC_ARC = YES;
				CLANG_ENABLE_OBJC_WEAK = YES;
				CLANG_WARN_BLOCK_CAPTURE_AUTORELEASING = YES;
				CLANG_WARN_BOOL_CONVERSION = YES;
				CLANG_WARN_COMMA = YES;
				CLANG_WARN_CONSTANT_CONVERSION = YES;
				CLANG_WARN_DEPRECATED_OBJC_IMPLEMENTATIONS = YES;
				CLANG_WARN_DIRECT_OBJC_ISA_USAGE = YES_ERROR;
				CLANG_WARN_DOCUMENTATION_COMMENTS = YES;
				CLANG_WARN_EMPTY_BODY = YES;
				CLANG_WARN_ENUM_CONVERSION = YES;
				CLANG_WARN_INFINITE_RECURSION = YES;
				CLANG_WARN_INT_CONVERSION = YES;
				CLANG_WARN_NON_LITERAL_NULL_CONVERSION = YES;
				CLANG_WARN_OBJC_IMPLICIT_RETAIN_SELF = YES;
				CLANG_WARN_OBJC_LITERAL_CONVERSION = YES;
				CLANG_WARN_OBJC_ROOT_CLASS = YES_ERROR;
				CLANG_WARN_QUOTED_INCLUDE_IN_FRAMEWORK_HEADER = YES;
				CLANG_WARN_RANGE_LOOP_ANALYSIS = YES;
				CLANG_WARN_STRICT_PROTOTYPES = YES;
				CLANG_WARN_SUSPICIOUS_MOVE = YES;
				CLANG_WARN_UNGUARDED_AVAILABILITY = YES_AGGRESSIVE;
				CLANG_WARN_UNREACHABLE_CODE = YES;
				CLANG_WARN__DUPLICATE_METHOD_MATCH = YES;
				COPY_PHASE_STRIP = NO;
				DEBUG_INFORMATION_FORMAT = dwarf;
				ENABLE_STRICT_OBJC_MSGSEND = YES;
				ENABLE_TESTABILITY = YES;
				GCC_C_LANGUAGE_STANDARD = gnu11;
				GCC_DYNAMIC_NO_PIC = NO;
				GCC_NO_COMMON_BLOCKS = YES;
				GCC_OPTIMIZATION_LEVEL = 0;
				GCC_PREPROCESSOR_DEFINITIONS = (
					"DEBUG=1",
					"$(inherited)",
				);
				GCC_WARN_64_TO_32_BIT_CONVERSION = YES;
				GCC_WARN_ABOUT_RETURN_TYPE = YES_ERROR;
				GCC_WARN_UNDECLARED_SELECTOR = YES;
				GCC_WARN_UNINITIALIZED_AUTOS = YES_AGGRESSIVE;
				GCC_WARN_UNUSED_FUNCTION = YES;
				GCC_WARN_UNUSED_VARIABLE = YES;
				MACOSX_DEPLOYMENT_TARGET = 13.3;
				MTL_ENABLE_DEBUG_INFO = INCLUDE_SOURCE;
				MTL_FAST_MATH = YES;
				ONLY_ACTIVE_ARCH = YES;
				SDKROOT = macosx;
				SWIFT_ACTIVE_COMPILATION_CONDITIONS = DEBUG;
				SWIFT_OPTIMIZATION_LEVEL = "-Onone";
			};
			name = Debug;
		};
		A5614ABD2AEE3AF500199A1A /* Release */ = {
			isa = XCBuildConfiguration;
			buildSettings = {
				ALWAYS_SEARCH_USER_PATHS = NO;
				CLANG_ANALYZER_NONNULL = YES;
				CLANG_ANALYZER_NUMBER_OBJECT_CONVERSION = YES_AGGRESSIVE;
				CLANG_CXX_LANGUAGE_STANDARD = "gnu++20";
				CLANG_ENABLE_MODULES = YES;
				CLANG_ENABLE_OBJC_ARC = YES;
				CLANG_ENABLE_OBJC_WEAK = YES;
				CLANG_WARN_BLOCK_CAPTURE_AUTORELEASING = YES;
				CLANG_WARN_BOOL_CONVERSION = YES;
				CLANG_WARN_COMMA = YES;
				CLANG_WARN_CONSTANT_CONVERSION = YES;
				CLANG_WARN_DEPRECATED_OBJC_IMPLEMENTATIONS = YES;
				CLANG_WARN_DIRECT_OBJC_ISA_USAGE = YES_ERROR;
				CLANG_WARN_DOCUMENTATION_COMMENTS = YES;
				CLANG_WARN_EMPTY_BODY = YES;
				CLANG_WARN_ENUM_CONVERSION = YES;
				CLANG_WARN_INFINITE_RECURSION = YES;
				CLANG_WARN_INT_CONVERSION = YES;
				CLANG_WARN_NON_LITERAL_NULL_CONVERSION = YES;
				CLANG_WARN_OBJC_IMPLICIT_RETAIN_SELF = YES;
				CLANG_WARN_OBJC_LITERAL_CONVERSION = YES;
				CLANG_WARN_OBJC_ROOT_CLASS = YES_ERROR;
				CLANG_WARN_QUOTED_INCLUDE_IN_FRAMEWORK_HEADER = YES;
				CLANG_WARN_RANGE_LOOP_ANALYSIS = YES;
				CLANG_WARN_STRICT_PROTOTYPES = YES;
				CLANG_WARN_SUSPICIOUS_MOVE = YES;
				CLANG_WARN_UNGUARDED_AVAILABILITY = YES_AGGRESSIVE;
				CLANG_WARN_UNREACHABLE_CODE = YES;
				CLANG_WARN__DUPLICATE_METHOD_MATCH = YES;
				COPY_PHASE_STRIP = NO;
				DEBUG_INFORMATION_FORMAT = "dwarf-with-dsym";
				ENABLE_NS_ASSERTIONS = NO;
				ENABLE_STRICT_OBJC_MSGSEND = YES;
				GCC_C_LANGUAGE_STANDARD = gnu11;
				GCC_NO_COMMON_BLOCKS = YES;
				GCC_WARN_64_TO_32_BIT_CONVERSION = YES;
				GCC_WARN_ABOUT_RETURN_TYPE = YES_ERROR;
				GCC_WARN_UNDECLARED_SELECTOR = YES;
				GCC_WARN_UNINITIALIZED_AUTOS = YES_AGGRESSIVE;
				GCC_WARN_UNUSED_FUNCTION = YES;
				GCC_WARN_UNUSED_VARIABLE = YES;
				MACOSX_DEPLOYMENT_TARGET = 13.3;
				MTL_ENABLE_DEBUG_INFO = NO;
				MTL_FAST_MATH = YES;
				SDKROOT = macosx;
				SWIFT_COMPILATION_MODE = wholemodule;
				SWIFT_OPTIMIZATION_LEVEL = "-O";
			};
			name = Release;
		};
		A5614ABF2AEE3AF500199A1A /* Debug */ = {
			isa = XCBuildConfiguration;
			buildSettings = {
				ASSETCATALOG_COMPILER_APPICON_NAME = AppIcon;
				ASSETCATALOG_COMPILER_GLOBAL_ACCENT_COLOR_NAME = AccentColor;
				CODE_SIGN_ENTITLEMENTS = "logic gate NOT/logic_gate_NOT.entitlements";
				CODE_SIGN_STYLE = Automatic;
				COMBINE_HIDPI_IMAGES = YES;
				CURRENT_PROJECT_VERSION = 1;
				DEVELOPMENT_ASSET_PATHS = "\"logic gate NOT/Preview Content\"";
				DEVELOPMENT_TEAM = V7M6SMZCS9;
				ENABLE_HARDENED_RUNTIME = YES;
				ENABLE_PREVIEWS = YES;
				GENERATE_INFOPLIST_FILE = YES;
				INFOPLIST_KEY_NSHumanReadableCopyright = "";
				LD_RUNPATH_SEARCH_PATHS = (
					"$(inherited)",
					"@executable_path/../Frameworks",
				);
				MARKETING_VERSION = 1.0;
				PRODUCT_BUNDLE_IDENTIFIER = "Tansa-Nisan-Gunerhan.logic-gate-NOT";
				PRODUCT_NAME = "$(TARGET_NAME)";
				SWIFT_EMIT_LOC_STRINGS = YES;
				SWIFT_VERSION = 5.0;
			};
			name = Debug;
		};
		A5614AC02AEE3AF500199A1A /* Release */ = {
			isa = XCBuildConfiguration;
			buildSettings = {
				ASSETCATALOG_COMPILER_APPICON_NAME = AppIcon;
				ASSETCATALOG_COMPILER_GLOBAL_ACCENT_COLOR_NAME = AccentColor;
				CODE_SIGN_ENTITLEMENTS = "logic gate NOT/logic_gate_NOT.entitlements";
				CODE_SIGN_STYLE = Automatic;
				COMBINE_HIDPI_IMAGES = YES;
				CURRENT_PROJECT_VERSION = 1;
				DEVELOPMENT_ASSET_PATHS = "\"logic gate NOT/Preview Content\"";
				DEVELOPMENT_TEAM = V7M6SMZCS9;
				ENABLE_HARDENED_RUNTIME = YES;
				ENABLE_PREVIEWS = YES;
				GENERATE_INFOPLIST_FILE = YES;
				INFOPLIST_KEY_NSHumanReadableCopyright = "";
				LD_RUNPATH_SEARCH_PATHS = (
					"$(inherited)",
					"@executable_path/../Frameworks",
				);
				MARKETING_VERSION = 1.0;
				PRODUCT_BUNDLE_IDENTIFIER = "Tansa-Nisan-Gunerhan.logic-gate-NOT";
				PRODUCT_NAME = "$(TARGET_NAME)";
				SWIFT_EMIT_LOC_STRINGS = YES;
				SWIFT_VERSION = 5.0;
			};
			name = Release;
		};
		A5614AC22AEE3AF500199A1A /* Debug */ = {
			isa = XCBuildConfiguration;
			buildSettings = {
				ALWAYS_EMBED_SWIFT_STANDARD_LIBRARIES = YES;
				BUNDLE_LOADER = "$(TEST_HOST)";
				CODE_SIGN_STYLE = Automatic;
				CURRENT_PROJECT_VERSION = 1;
				DEVELOPMENT_TEAM = V7M6SMZCS9;
				GENERATE_INFOPLIST_FILE = YES;
				MACOSX_DEPLOYMENT_TARGET = 13.3;
				MARKETING_VERSION = 1.0;
				PRODUCT_BUNDLE_IDENTIFIER = "Tansa-Nisan-Gunerhan.logic-gate-NOTTests";
				PRODUCT_NAME = "$(TARGET_NAME)";
				SWIFT_EMIT_LOC_STRINGS = NO;
				SWIFT_VERSION = 5.0;
				TEST_HOST = "$(BUILT_PRODUCTS_DIR)/logic gate NOT.app/$(BUNDLE_EXECUTABLE_FOLDER_PATH)/logic gate NOT";
			};
			name = Debug;
		};
		A5614AC32AEE3AF500199A1A /* Release */ = {
			isa = XCBuildConfiguration;
			buildSettings = {
				ALWAYS_EMBED_SWIFT_STANDARD_LIBRARIES = YES;
				BUNDLE_LOADER = "$(TEST_HOST)";
				CODE_SIGN_STYLE = Automatic;
				CURRENT_PROJECT_VERSION = 1;
				DEVELOPMENT_TEAM = V7M6SMZCS9;
				GENERATE_INFOPLIST_FILE = YES;
				MACOSX_DEPLOYMENT_TARGET = 13.3;
				MARKETING_VERSION = 1.0;
				PRODUCT_BUNDLE_IDENTIFIER = "Tansa-Nisan-Gunerhan.logic-gate-NOTTests";
				PRODUCT_NAME = "$(TARGET_NAME)";
				SWIFT_EMIT_LOC_STRINGS = NO;
				SWIFT_VERSION = 5.0;
				TEST_HOST = "$(BUILT_PRODUCTS_DIR)/logic gate NOT.app/$(BUNDLE_EXECUTABLE_FOLDER_PATH)/logic gate NOT";
			};
			name = Release;
		};
		A5614AC52AEE3AF500199A1A /* Debug */ = {
			isa = XCBuildConfiguration;
			buildSettings = {
				ALWAYS_EMBED_SWIFT_STANDARD_LIBRARIES = YES;
				CODE_SIGN_STYLE = Automatic;
				CURRENT_PROJECT_VERSION = 1;
				DEVELOPMENT_TEAM = V7M6SMZCS9;
				GENERATE_INFOPLIST_FILE = YES;
				MARKETING_VERSION = 1.0;
				PRODUCT_BUNDLE_IDENTIFIER = "Tansa-Nisan-Gunerhan.logic-gate-NOTUITests";
				PRODUCT_NAME = "$(TARGET_NAME)";
				SWIFT_EMIT_LOC_STRINGS = NO;
				SWIFT_VERSION = 5.0;
				TEST_TARGET_NAME = "logic gate NOT";
			};
			name = Debug;
		};
		A5614AC62AEE3AF500199A1A /* Release */ = {
			isa = XCBuildConfiguration;
			buildSettings = {
				ALWAYS_EMBED_SWIFT_STANDARD_LIBRARIES = YES;
				CODE_SIGN_STYLE = Automatic;
				CURRENT_PROJECT_VERSION = 1;
				DEVELOPMENT_TEAM = V7M6SMZCS9;
				GENERATE_INFOPLIST_FILE = YES;
				MARKETING_VERSION = 1.0;
				PRODUCT_BUNDLE_IDENTIFIER = "Tansa-Nisan-Gunerhan.logic-gate-NOTUITests";
				PRODUCT_NAME = "$(TARGET_NAME)";
				SWIFT_EMIT_LOC_STRINGS = NO;
				SWIFT_VERSION = 5.0;
				TEST_TARGET_NAME = "logic gate NOT";
			};
			name = Release;
		};
/* End XCBuildConfiguration section */

/* Begin XCConfigurationList section */
		A5614A942AEE3AF200199A1A /* Build configuration list for PBXProject "logic gate NOT" */ = {
			isa = XCConfigurationList;
			buildConfigurations = (
				A5614ABC2AEE3AF500199A1A /* Debug */,
				A5614ABD2AEE3AF500199A1A /* Release */,
			);
			defaultConfigurationIsVisible = 0;
			defaultConfigurationName = Release;
		};
		A5614ABE2AEE3AF500199A1A /* Build configuration list for PBXNativeTarget "logic gate NOT" */ = {
			isa = XCConfigurationList;
			buildConfigurations = (
				A5614ABF2AEE3AF500199A1A /* Debug */,
				A5614AC02AEE3AF500199A1A /* Release */,
			);
			defaultConfigurationIsVisible = 0;
			defaultConfigurationName = Release;
		};
		A5614AC12AEE3AF500199A1A /* Build configuration list for PBXNativeTarget "logic gate NOTTests" */ = {
			isa = XCConfigurationList;
			buildConfigurations = (
				A5614AC22AEE3AF500199A1A /* Debug */,
				A5614AC32AEE3AF500199A1A /* Release */,
			);
			defaultConfigurationIsVisible = 0;
			defaultConfigurationName = Release;
		};
		A5614AC42AEE3AF500199A1A /* Build configuration list for PBXNativeTarget "logic gate NOTUITests" */ = {
			isa = XCConfigurationList;
			buildConfigurations = (
				A5614AC52AEE3AF500199A1A /* Debug */,
				A5614AC62AEE3AF500199A1A /* Release */,
			);
			defaultConfigurationIsVisible = 0;
			defaultConfigurationName = Release;
		};
/* End XCConfigurationList section */
	};
	rootObject = A5614A912AEE3AF200199A1A /* Project object */;
}
