// !$*UTF8*$!
{
	archiveVersion = 1;
	classes = {
	};
	objectVersion = 56;
	objects = {

/* Begin PBXBuildFile section */
		A56149F82AEE324A00199A1A /* Logic_GateApp.swift in Sources */ = {isa = PBXBuildFile; fileRef = A56149F72AEE324A00199A1A /* Logic_GateApp.swift */; };
		A56149FA2AEE324A00199A1A /* ContentView.swift in Sources */ = {isa = PBXBuildFile; fileRef = A56149F92AEE324A00199A1A /* ContentView.swift */; };
		A56149FC2AEE324D00199A1A /* Assets.xcassets in Resources */ = {isa = PBXBuildFile; fileRef = A56149FB2AEE324D00199A1A /* Assets.xcassets */; };
		A56149FF2AEE324D00199A1A /* Preview Assets.xcassets in Resources */ = {isa = PBXBuildFile; fileRef = A56149FE2AEE324D00199A1A /* Preview Assets.xcassets */; };
		A5614A0A2AEE324E00199A1A /* Logic_GateTests.swift in Sources */ = {isa = PBXBuildFile; fileRef = A5614A092AEE324E00199A1A /* Logic_GateTests.swift */; };
		A5614A142AEE324E00199A1A /* Logic_GateUITests.swift in Sources */ = {isa = PBXBuildFile; fileRef = A5614A132AEE324E00199A1A /* Logic_GateUITests.swift */; };
		A5614A162AEE324E00199A1A /* Logic_GateUITestsLaunchTests.swift in Sources */ = {isa = PBXBuildFile; fileRef = A5614A152AEE324E00199A1A /* Logic_GateUITestsLaunchTests.swift */; };
/* End PBXBuildFile section */

/* Begin PBXContainerItemProxy section */
		A5614A062AEE324E00199A1A /* PBXContainerItemProxy */ = {
			isa = PBXContainerItemProxy;
			containerPortal = A56149EC2AEE324A00199A1A /* Project object */;
			proxyType = 1;
			remoteGlobalIDString = A56149F32AEE324A00199A1A;
			remoteInfo = "Logic Gate";
		};
		A5614A102AEE324E00199A1A /* PBXContainerItemProxy */ = {
			isa = PBXContainerItemProxy;
			containerPortal = A56149EC2AEE324A00199A1A /* Project object */;
			proxyType = 1;
			remoteGlobalIDString = A56149F32AEE324A00199A1A;
			remoteInfo = "Logic Gate";
		};
/* End PBXContainerItemProxy section */

/* Begin PBXFileReference section */
		A56149F42AEE324A00199A1A /* Logic Gate.app */ = {isa = PBXFileReference; explicitFileType = wrapper.application; includeInIndex = 0; path = "Logic Gate.app"; sourceTree = BUILT_PRODUCTS_DIR; };
		A56149F72AEE324A00199A1A /* Logic_GateApp.swift */ = {isa = PBXFileReference; lastKnownFileType = sourcecode.swift; path = Logic_GateApp.swift; sourceTree = "<group>"; };
		A56149F92AEE324A00199A1A /* ContentView.swift */ = {isa = PBXFileReference; lastKnownFileType = sourcecode.swift; path = ContentView.swift; sourceTree = "<group>"; };
		A56149FB2AEE324D00199A1A /* Assets.xcassets */ = {isa = PBXFileReference; lastKnownFileType = folder.assetcatalog; path = Assets.xcassets; sourceTree = "<group>"; };
		A56149FE2AEE324D00199A1A /* Preview Assets.xcassets */ = {isa = PBXFileReference; lastKnownFileType = folder.assetcatalog; path = "Preview Assets.xcassets"; sourceTree = "<group>"; };
		A5614A002AEE324D00199A1A /* Logic_Gate.entitlements */ = {isa = PBXFileReference; lastKnownFileType = text.plist.entitlements; path = Logic_Gate.entitlements; sourceTree = "<group>"; };
		A5614A052AEE324E00199A1A /* Logic GateTests.xctest */ = {isa = PBXFileReference; explicitFileType = wrapper.cfbundle; includeInIndex = 0; path = "Logic GateTests.xctest"; sourceTree = BUILT_PRODUCTS_DIR; };
		A5614A092AEE324E00199A1A /* Logic_GateTests.swift */ = {isa = PBXFileReference; lastKnownFileType = sourcecode.swift; path = Logic_GateTests.swift; sourceTree = "<group>"; };
		A5614A0F2AEE324E00199A1A /* Logic GateUITests.xctest */ = {isa = PBXFileReference; explicitFileType = wrapper.cfbundle; includeInIndex = 0; path = "Logic GateUITests.xctest"; sourceTree = BUILT_PRODUCTS_DIR; };
		A5614A132AEE324E00199A1A /* Logic_GateUITests.swift */ = {isa = PBXFileReference; lastKnownFileType = sourcecode.swift; path = Logic_GateUITests.swift; sourceTree = "<group>"; };
		A5614A152AEE324E00199A1A /* Logic_GateUITestsLaunchTests.swift */ = {isa = PBXFileReference; lastKnownFileType = sourcecode.swift; path = Logic_GateUITestsLaunchTests.swift; sourceTree = "<group>"; };
/* End PBXFileReference section */

/* Begin PBXFrameworksBuildPhase section */
		A56149F12AEE324A00199A1A /* Frameworks */ = {
			isa = PBXFrameworksBuildPhase;
			buildActionMask = 2147483647;
			files = (
			);
			runOnlyForDeploymentPostprocessing = 0;
		};
		A5614A022AEE324E00199A1A /* Frameworks */ = {
			isa = PBXFrameworksBuildPhase;
			buildActionMask = 2147483647;
			files = (
			);
			runOnlyForDeploymentPostprocessing = 0;
		};
		A5614A0C2AEE324E00199A1A /* Frameworks */ = {
			isa = PBXFrameworksBuildPhase;
			buildActionMask = 2147483647;
			files = (
			);
			runOnlyForDeploymentPostprocessing = 0;
		};
/* End PBXFrameworksBuildPhase section */

/* Begin PBXGroup section */
		A56149EB2AEE324A00199A1A = {
			isa = PBXGroup;
			children = (
				A56149F62AEE324A00199A1A /* Logic Gate */,
				A5614A082AEE324E00199A1A /* Logic GateTests */,
				A5614A122AEE324E00199A1A /* Logic GateUITests */,
				A56149F52AEE324A00199A1A /* Products */,
			);
			sourceTree = "<group>";
		};
		A56149F52AEE324A00199A1A /* Products */ = {
			isa = PBXGroup;
			children = (
				A56149F42AEE324A00199A1A /* Logic Gate.app */,
				A5614A052AEE324E00199A1A /* Logic GateTests.xctest */,
				A5614A0F2AEE324E00199A1A /* Logic GateUITests.xctest */,
			);
			name = Products;
			sourceTree = "<group>";
		};
		A56149F62AEE324A00199A1A /* Logic Gate */ = {
			isa = PBXGroup;
			children = (
				A56149F72AEE324A00199A1A /* Logic_GateApp.swift */,
				A56149F92AEE324A00199A1A /* ContentView.swift */,
				A56149FB2AEE324D00199A1A /* Assets.xcassets */,
				A5614A002AEE324D00199A1A /* Logic_Gate.entitlements */,
				A56149FD2AEE324D00199A1A /* Preview Content */,
			);
			path = "Logic Gate";
			sourceTree = "<group>";
		};
		A56149FD2AEE324D00199A1A /* Preview Content */ = {
			isa = PBXGroup;
			children = (
				A56149FE2AEE324D00199A1A /* Preview Assets.xcassets */,
			);
			path = "Preview Content";
			sourceTree = "<group>";
		};
		A5614A082AEE324E00199A1A /* Logic GateTests */ = {
			isa = PBXGroup;
			children = (
				A5614A092AEE324E00199A1A /* Logic_GateTests.swift */,
			);
			path = "Logic GateTests";
			sourceTree = "<group>";
		};
		A5614A122AEE324E00199A1A /* Logic GateUITests */ = {
			isa = PBXGroup;
			children = (
				A5614A132AEE324E00199A1A /* Logic_GateUITests.swift */,
				A5614A152AEE324E00199A1A /* Logic_GateUITestsLaunchTests.swift */,
			);
			path = "Logic GateUITests";
			sourceTree = "<group>";
		};
/* End PBXGroup section */

/* Begin PBXNativeTarget section */
		A56149F32AEE324A00199A1A /* Logic Gate */ = {
			isa = PBXNativeTarget;
			buildConfigurationList = A5614A192AEE324E00199A1A /* Build configuration list for PBXNativeTarget "Logic Gate" */;
			buildPhases = (
				A56149F02AEE324A00199A1A /* Sources */,
				A56149F12AEE324A00199A1A /* Frameworks */,
				A56149F22AEE324A00199A1A /* Resources */,
			);
			buildRules = (
			);
			dependencies = (
			);
			name = "Logic Gate";
			productName = "Logic Gate";
			productReference = A56149F42AEE324A00199A1A /* Logic Gate.app */;
			productType = "com.apple.product-type.application";
		};
		A5614A042AEE324E00199A1A /* Logic GateTests */ = {
			isa = PBXNativeTarget;
			buildConfigurationList = A5614A1C2AEE324E00199A1A /* Build configuration list for PBXNativeTarget "Logic GateTests" */;
			buildPhases = (
				A5614A012AEE324E00199A1A /* Sources */,
				A5614A022AEE324E00199A1A /* Frameworks */,
				A5614A032AEE324E00199A1A /* Resources */,
			);
			buildRules = (
			);
			dependencies = (
				A5614A072AEE324E00199A1A /* PBXTargetDependency */,
			);
			name = "Logic GateTests";
			productName = "Logic GateTests";
			productReference = A5614A052AEE324E00199A1A /* Logic GateTests.xctest */;
			productType = "com.apple.product-type.bundle.unit-test";
		};
		A5614A0E2AEE324E00199A1A /* Logic GateUITests */ = {
			isa = PBXNativeTarget;
			buildConfigurationList = A5614A1F2AEE324E00199A1A /* Build configuration list for PBXNativeTarget "Logic GateUITests" */;
			buildPhases = (
				A5614A0B2AEE324E00199A1A /* Sources */,
				A5614A0C2AEE324E00199A1A /* Frameworks */,
				A5614A0D2AEE324E00199A1A /* Resources */,
			);
			buildRules = (
			);
			dependencies = (
				A5614A112AEE324E00199A1A /* PBXTargetDependency */,
			);
			name = "Logic GateUITests";
			productName = "Logic GateUITests";
			productReference = A5614A0F2AEE324E00199A1A /* Logic GateUITests.xctest */;
			productType = "com.apple.product-type.bundle.ui-testing";
		};
/* End PBXNativeTarget section */

/* Begin PBXProject section */
		A56149EC2AEE324A00199A1A /* Project object */ = {
			isa = PBXProject;
			attributes = {
				BuildIndependentTargetsInParallel = 1;
				LastSwiftUpdateCheck = 1430;
				LastUpgradeCheck = 1430;
				TargetAttributes = {
					A56149F32AEE324A00199A1A = {
						CreatedOnToolsVersion = 14.3.1;
					};
					A5614A042AEE324E00199A1A = {
						CreatedOnToolsVersion = 14.3.1;
						TestTargetID = A56149F32AEE324A00199A1A;
					};
					A5614A0E2AEE324E00199A1A = {
						CreatedOnToolsVersion = 14.3.1;
						TestTargetID = A56149F32AEE324A00199A1A;
					};
				};
			};
			buildConfigurationList = A56149EF2AEE324A00199A1A /* Build configuration list for PBXProject "Logic Gate" */;
			compatibilityVersion = "Xcode 14.0";
			developmentRegion = en;
			hasScannedForEncodings = 0;
			knownRegions = (
				en,
				Base,
			);
			mainGroup = A56149EB2AEE324A00199A1A;
			productRefGroup = A56149F52AEE324A00199A1A /* Products */;
			projectDirPath = "";
			projectRoot = "";
			targets = (
				A56149F32AEE324A00199A1A /* Logic Gate */,
				A5614A042AEE324E00199A1A /* Logic GateTests */,
				A5614A0E2AEE324E00199A1A /* Logic GateUITests */,
			);
		};
/* End PBXProject section */

/* Begin PBXResourcesBuildPhase section */
		A56149F22AEE324A00199A1A /* Resources */ = {
			isa = PBXResourcesBuildPhase;
			buildActionMask = 2147483647;
			files = (
				A56149FF2AEE324D00199A1A /* Preview Assets.xcassets in Resources */,
				A56149FC2AEE324D00199A1A /* Assets.xcassets in Resources */,
			);
			runOnlyForDeploymentPostprocessing = 0;
		};
		A5614A032AEE324E00199A1A /* Resources */ = {
			isa = PBXResourcesBuildPhase;
			buildActionMask = 2147483647;
			files = (
			);
			runOnlyForDeploymentPostprocessing = 0;
		};
		A5614A0D2AEE324E00199A1A /* Resources */ = {
			isa = PBXResourcesBuildPhase;
			buildActionMask = 2147483647;
			files = (
			);
			runOnlyForDeploymentPostprocessing = 0;
		};
/* End PBXResourcesBuildPhase section */

/* Begin PBXSourcesBuildPhase section */
		A56149F02AEE324A00199A1A /* Sources */ = {
			isa = PBXSourcesBuildPhase;
			buildActionMask = 2147483647;
			files = (
				A56149FA2AEE324A00199A1A /* ContentView.swift in Sources */,
				A56149F82AEE324A00199A1A /* Logic_GateApp.swift in Sources */,
			);
			runOnlyForDeploymentPostprocessing = 0;
		};
		A5614A012AEE324E00199A1A /* Sources */ = {
			isa = PBXSourcesBuildPhase;
			buildActionMask = 2147483647;
			files = (
				A5614A0A2AEE324E00199A1A /* Logic_GateTests.swift in Sources */,
			);
			runOnlyForDeploymentPostprocessing = 0;
		};
		A5614A0B2AEE324E00199A1A /* Sources */ = {
			isa = PBXSourcesBuildPhase;
			buildActionMask = 2147483647;
			files = (
				A5614A162AEE324E00199A1A /* Logic_GateUITestsLaunchTests.swift in Sources */,
				A5614A142AEE324E00199A1A /* Logic_GateUITests.swift in Sources */,
			);
			runOnlyForDeploymentPostprocessing = 0;
		};
/* End PBXSourcesBuildPhase section */

/* Begin PBXTargetDependency section */
		A5614A072AEE324E00199A1A /* PBXTargetDependency */ = {
			isa = PBXTargetDependency;
			target = A56149F32AEE324A00199A1A /* Logic Gate */;
			targetProxy = A5614A062AEE324E00199A1A /* PBXContainerItemProxy */;
		};
		A5614A112AEE324E00199A1A /* PBXTargetDependency */ = {
			isa = PBXTargetDependency;
			target = A56149F32AEE324A00199A1A /* Logic Gate */;
			targetProxy = A5614A102AEE324E00199A1A /* PBXContainerItemProxy */;
		};
/* End PBXTargetDependency section */

/* Begin XCBuildConfiguration section */
		A5614A172AEE324E00199A1A /* Debug */ = {
			isa = XCBuildConfiguration;
			buildSettings = {
				ALWAYS_SEARCH_USER_PATHS = NO;
				CLANG_ANALYZER_NONNULL = YES;
				CLANG_ANALYZER_NUMBER_OBJECT_CONVERSION = YES_AGGRESSIVE;
				CLANG_CXX_LANGUAGE_STANDARD = "gnu++20";
				CLANG_ENABLE_MODULES = YES;
				CLANG_ENABLE_OBJC_ARC = YES;
				CLANG_ENABLE_OBJC_WEAK = YES;
				CLANG_WARN_BLOCK_CAPTURE_AUTORELEASING = YES;
				CLANG_WARN_BOOL_CONVERSION = YES;
				CLANG_WARN_COMMA = YES;
				CLANG_WARN_CONSTANT_CONVERSION = YES;
				CLANG_WARN_DEPRECATED_OBJC_IMPLEMENTATIONS = YES;
				CLANG_WARN_DIRECT_OBJC_ISA_USAGE = YES_ERROR;
				CLANG_WARN_DOCUMENTATION_COMMENTS = YES;
				CLANG_WARN_EMPTY_BODY = YES;
				CLANG_WARN_ENUM_CONVERSION = YES;
				CLANG_WARN_INFINITE_RECURSION = YES;
				CLANG_WARN_INT_CONVERSION = YES;
				CLANG_WARN_NON_LITERAL_NULL_CONVERSION = YES;
				CLANG_WARN_OBJC_IMPLICIT_RETAIN_SELF = YES;
				CLANG_WARN_OBJC_LITERAL_CONVERSION = YES;
				CLANG_WARN_OBJC_ROOT_CLASS = YES_ERROR;
				CLANG_WARN_QUOTED_INCLUDE_IN_FRAMEWORK_HEADER = YES;
				CLANG_WARN_RANGE_LOOP_ANALYSIS = YES;
				CLANG_WARN_STRICT_PROTOTYPES = YES;
				CLANG_WARN_SUSPICIOUS_MOVE = YES;
				CLANG_WARN_UNGUARDED_AVAILABILITY = YES_AGGRESSIVE;
				CLANG_WARN_UNREACHABLE_CODE = YES;
				CLANG_WARN__DUPLICATE_METHOD_MATCH = YES;
				COPY_PHASE_STRIP = NO;
				DEBUG_INFORMATION_FORMAT = dwarf;
				ENABLE_STRICT_OBJC_MSGSEND = YES;
				ENABLE_TESTABILITY = YES;
				GCC_C_LANGUAGE_STANDARD = gnu11;
				GCC_DYNAMIC_NO_PIC = NO;
				GCC_NO_COMMON_BLOCKS = YES;
				GCC_OPTIMIZATION_LEVEL = 0;
				GCC_PREPROCESSOR_DEFINITIONS = (
					"DEBUG=1",
					"$(inherited)",
				);
				GCC_WARN_64_TO_32_BIT_CONVERSION = YES;
				GCC_WARN_ABOUT_RETURN_TYPE = YES_ERROR;
				GCC_WARN_UNDECLARED_SELECTOR = YES;
				GCC_WARN_UNINITIALIZED_AUTOS = YES_AGGRESSIVE;
				GCC_WARN_UNUSED_FUNCTION = YES;
				GCC_WARN_UNUSED_VARIABLE = YES;
				MACOSX_DEPLOYMENT_TARGET = 13.3;
				MTL_ENABLE_DEBUG_INFO = INCLUDE_SOURCE;
				MTL_FAST_MATH = YES;
				ONLY_ACTIVE_ARCH = YES;
				SDKROOT = macosx;
				SWIFT_ACTIVE_COMPILATION_CONDITIONS = DEBUG;
				SWIFT_OPTIMIZATION_LEVEL = "-Onone";
			};
			name = Debug;
		};
		A5614A182AEE324E00199A1A /* Release */ = {
			isa = XCBuildConfiguration;
			buildSettings = {
				ALWAYS_SEARCH_USER_PATHS = NO;
				CLANG_ANALYZER_NONNULL = YES;
				CLANG_ANALYZER_NUMBER_OBJECT_CONVERSION = YES_AGGRESSIVE;
				CLANG_CXX_LANGUAGE_STANDARD = "gnu++20";
				CLANG_ENABLE_MODULES = YES;
				CLANG_ENABLE_OBJC_ARC = YES;
				CLANG_ENABLE_OBJC_WEAK = YES;
				CLANG_WARN_BLOCK_CAPTURE_AUTORELEASING = YES;
				CLANG_WARN_BOOL_CONVERSION = YES;
				CLANG_WARN_COMMA = YES;
				CLANG_WARN_CONSTANT_CONVERSION = YES;
				CLANG_WARN_DEPRECATED_OBJC_IMPLEMENTATIONS = YES;
				CLANG_WARN_DIRECT_OBJC_ISA_USAGE = YES_ERROR;
				CLANG_WARN_DOCUMENTATION_COMMENTS = YES;
				CLANG_WARN_EMPTY_BODY = YES;
				CLANG_WARN_ENUM_CONVERSION = YES;
				CLANG_WARN_INFINITE_RECURSION = YES;
				CLANG_WARN_INT_CONVERSION = YES;
				CLANG_WARN_NON_LITERAL_NULL_CONVERSION = YES;
				CLANG_WARN_OBJC_IMPLICIT_RETAIN_SELF = YES;
				CLANG_WARN_OBJC_LITERAL_CONVERSION = YES;
				CLANG_WARN_OBJC_ROOT_CLASS = YES_ERROR;
				CLANG_WARN_QUOTED_INCLUDE_IN_FRAMEWORK_HEADER = YES;
				CLANG_WARN_RANGE_LOOP_ANALYSIS = YES;
				CLANG_WARN_STRICT_PROTOTYPES = YES;
				CLANG_WARN_SUSPICIOUS_MOVE = YES;
				CLANG_WARN_UNGUARDED_AVAILABILITY = YES_AGGRESSIVE;
				CLANG_WARN_UNREACHABLE_CODE = YES;
				CLANG_WARN__DUPLICATE_METHOD_MATCH = YES;
				COPY_PHASE_STRIP = NO;
				DEBUG_INFORMATION_FORMAT = "dwarf-with-dsym";
				ENABLE_NS_ASSERTIONS = NO;
				ENABLE_STRICT_OBJC_MSGSEND = YES;
				GCC_C_LANGUAGE_STANDARD = gnu11;
				GCC_NO_COMMON_BLOCKS = YES;
				GCC_WARN_64_TO_32_BIT_CONVERSION = YES;
				GCC_WARN_ABOUT_RETURN_TYPE = YES_ERROR;
				GCC_WARN_UNDECLARED_SELECTOR = YES;
				GCC_WARN_UNINITIALIZED_AUTOS = YES_AGGRESSIVE;
				GCC_WARN_UNUSED_FUNCTION = YES;
				GCC_WARN_UNUSED_VARIABLE = YES;
				MACOSX_DEPLOYMENT_TARGET = 13.3;
				MTL_ENABLE_DEBUG_INFO = NO;
				MTL_FAST_MATH = YES;
				SDKROOT = macosx;
				SWIFT_COMPILATION_MODE = wholemodule;
				SWIFT_OPTIMIZATION_LEVEL = "-O";
			};
			name = Release;
		};
		A5614A1A2AEE324E00199A1A /* Debug */ = {
			isa = XCBuildConfiguration;
			buildSettings = {
				ASSETCATALOG_COMPILER_APPICON_NAME = AppIcon;
				ASSETCATALOG_COMPILER_GLOBAL_ACCENT_COLOR_NAME = AccentColor;
				CODE_SIGN_ENTITLEMENTS = "Logic Gate/Logic_Gate.entitlements";
				CODE_SIGN_STYLE = Automatic;
				COMBINE_HIDPI_IMAGES = YES;
				CURRENT_PROJECT_VERSION = 1;
				DEVELOPMENT_ASSET_PATHS = "\"Logic Gate/Preview Content\"";
				DEVELOPMENT_TEAM = V7M6SMZCS9;
				ENABLE_HARDENED_RUNTIME = YES;
				ENABLE_PREVIEWS = YES;
				GENERATE_INFOPLIST_FILE = YES;
				INFOPLIST_KEY_NSHumanReadableCopyright = "";
				LD_RUNPATH_SEARCH_PATHS = (
					"$(inherited)",
					"@executable_path/../Frameworks",
				);
				MARKETING_VERSION = 1.0;
				PRODUCT_BUNDLE_IDENTIFIER = "Tansa-Nisan-Gunerhan.Logic-Gate";
				PRODUCT_NAME = "$(TARGET_NAME)";
				SWIFT_EMIT_LOC_STRINGS = YES;
				SWIFT_VERSION = 5.0;
			};
			name = Debug;
		};
		A5614A1B2AEE324E00199A1A /* Release */ = {
			isa = XCBuildConfiguration;
			buildSettings = {
				ASSETCATALOG_COMPILER_APPICON_NAME = AppIcon;
				ASSETCATALOG_COMPILER_GLOBAL_ACCENT_COLOR_NAME = AccentColor;
				CODE_SIGN_ENTITLEMENTS = "Logic Gate/Logic_Gate.entitlements";
				CODE_SIGN_STYLE = Automatic;
				COMBINE_HIDPI_IMAGES = YES;
				CURRENT_PROJECT_VERSION = 1;
				DEVELOPMENT_ASSET_PATHS = "\"Logic Gate/Preview Content\"";
				DEVELOPMENT_TEAM = V7M6SMZCS9;
				ENABLE_HARDENED_RUNTIME = YES;
				ENABLE_PREVIEWS = YES;
				GENERATE_INFOPLIST_FILE = YES;
				INFOPLIST_KEY_NSHumanReadableCopyright = "";
				LD_RUNPATH_SEARCH_PATHS = (
					"$(inherited)",
					"@executable_path/../Frameworks",
				);
				MARKETING_VERSION = 1.0;
				PRODUCT_BUNDLE_IDENTIFIER = "Tansa-Nisan-Gunerhan.Logic-Gate";
				PRODUCT_NAME = "$(TARGET_NAME)";
				SWIFT_EMIT_LOC_STRINGS = YES;
				SWIFT_VERSION = 5.0;
			};
			name = Release;
		};
		A5614A1D2AEE324E00199A1A /* Debug */ = {
			isa = XCBuildConfiguration;
			buildSettings = {
				ALWAYS_EMBED_SWIFT_STANDARD_LIBRARIES = YES;
				BUNDLE_LOADER = "$(TEST_HOST)";
				CODE_SIGN_STYLE = Automatic;
				CURRENT_PROJECT_VERSION = 1;
				DEVELOPMENT_TEAM = V7M6SMZCS9;
				GENERATE_INFOPLIST_FILE = YES;
				MACOSX_DEPLOYMENT_TARGET = 13.3;
				MARKETING_VERSION = 1.0;
				PRODUCT_BUNDLE_IDENTIFIER = "Tansa-Nisan-Gunerhan.Logic-GateTests";
				PRODUCT_NAME = "$(TARGET_NAME)";
				SWIFT_EMIT_LOC_STRINGS = NO;
				SWIFT_VERSION = 5.0;
				TEST_HOST = "$(BUILT_PRODUCTS_DIR)/Logic Gate.app/$(BUNDLE_EXECUTABLE_FOLDER_PATH)/Logic Gate";
			};
			name = Debug;
		};
		A5614A1E2AEE324E00199A1A /* Release */ = {
			isa = XCBuildConfiguration;
			buildSettings = {
				ALWAYS_EMBED_SWIFT_STANDARD_LIBRARIES = YES;
				BUNDLE_LOADER = "$(TEST_HOST)";
				CODE_SIGN_STYLE = Automatic;
				CURRENT_PROJECT_VERSION = 1;
				DEVELOPMENT_TEAM = V7M6SMZCS9;
				GENERATE_INFOPLIST_FILE = YES;
				MACOSX_DEPLOYMENT_TARGET = 13.3;
				MARKETING_VERSION = 1.0;
				PRODUCT_BUNDLE_IDENTIFIER = "Tansa-Nisan-Gunerhan.Logic-GateTests";
				PRODUCT_NAME = "$(TARGET_NAME)";
				SWIFT_EMIT_LOC_STRINGS = NO;
				SWIFT_VERSION = 5.0;
				TEST_HOST = "$(BUILT_PRODUCTS_DIR)/Logic Gate.app/$(BUNDLE_EXECUTABLE_FOLDER_PATH)/Logic Gate";
			};
			name = Release;
		};
		A5614A202AEE324E00199A1A /* Debug */ = {
			isa = XCBuildConfiguration;
			buildSettings = {
				ALWAYS_EMBED_SWIFT_STANDARD_LIBRARIES = YES;
				CODE_SIGN_STYLE = Automatic;
				CURRENT_PROJECT_VERSION = 1;
				DEVELOPMENT_TEAM = V7M6SMZCS9;
				GENERATE_INFOPLIST_FILE = YES;
				MARKETING_VERSION = 1.0;
				PRODUCT_BUNDLE_IDENTIFIER = "Tansa-Nisan-Gunerhan.Logic-GateUITests";
				PRODUCT_NAME = "$(TARGET_NAME)";
				SWIFT_EMIT_LOC_STRINGS = NO;
				SWIFT_VERSION = 5.0;
				TEST_TARGET_NAME = "Logic Gate";
			};
			name = Debug;
		};
		A5614A212AEE324E00199A1A /* Release */ = {
			isa = XCBuildConfiguration;
			buildSettings = {
				ALWAYS_EMBED_SWIFT_STANDARD_LIBRARIES = YES;
				CODE_SIGN_STYLE = Automatic;
				CURRENT_PROJECT_VERSION = 1;
				DEVELOPMENT_TEAM = V7M6SMZCS9;
				GENERATE_INFOPLIST_FILE = YES;
				MARKETING_VERSION = 1.0;
				PRODUCT_BUNDLE_IDENTIFIER = "Tansa-Nisan-Gunerhan.Logic-GateUITests";
				PRODUCT_NAME = "$(TARGET_NAME)";
				SWIFT_EMIT_LOC_STRINGS = NO;
				SWIFT_VERSION = 5.0;
				TEST_TARGET_NAME = "Logic Gate";
			};
			name = Release;
		};
/* End XCBuildConfiguration section */

/* Begin XCConfigurationList section */
		A56149EF2AEE324A00199A1A /* Build configuration list for PBXProject "Logic Gate" */ = {
			isa = XCConfigurationList;
			buildConfigurations = (
				A5614A172AEE324E00199A1A /* Debug */,
				A5614A182AEE324E00199A1A /* Release */,
			);
			defaultConfigurationIsVisible = 0;
			defaultConfigurationName = Release;
		};
		A5614A192AEE324E00199A1A /* Build configuration list for PBXNativeTarget "Logic Gate" */ = {
			isa = XCConfigurationList;
			buildConfigurations = (
				A5614A1A2AEE324E00199A1A /* Debug */,
				A5614A1B2AEE324E00199A1A /* Release */,
			);
			defaultConfigurationIsVisible = 0;
			defaultConfigurationName = Release;
		};
		A5614A1C2AEE324E00199A1A /* Build configuration list for PBXNativeTarget "Logic GateTests" */ = {
			isa = XCConfigurationList;
			buildConfigurations = (
				A5614A1D2AEE324E00199A1A /* Debug */,
				A5614A1E2AEE324E00199A1A /* Release */,
			);
			defaultConfigurationIsVisible = 0;
			defaultConfigurationName = Release;
		};
		A5614A1F2AEE324E00199A1A /* Build configuration list for PBXNativeTarget "Logic GateUITests" */ = {
			isa = XCConfigurationList;
			buildConfigurations = (
				A5614A202AEE324E00199A1A /* Debug */,
				A5614A212AEE324E00199A1A /* Release */,
			);
			defaultConfigurationIsVisible = 0;
			defaultConfigurationName = Release;
		};
/* End XCConfigurationList section */
	};
	rootObject = A56149EC2AEE324A00199A1A /* Project object */;
}
